
Microsoft Visual Studio Solution File, Format Version 12.00
# Visual Studio Version 17
VisualStudioVersion = 17.0.32014.148
MinimumVisualStudioVersion = 10.0.40219.1
Project("{8BC9CEB8-8B4A-11D0-8D11-00A0C91BC942}") = "Default arguments", "Default arguments\Default arguments.vcxproj", "{34AE08A4-1B42-473B-AEE5-15A0A4F584F5}"
EndProject
Global
	GlobalSection(SolutionConfigurationPlatforms) = preSolution
		Debug|Win32 = Debug|Win32
		Release|Win32 = Release|Win32
	EndGlobalSection
	GlobalSection(ProjectConfigurationPlatforms) = postSolution
		{34AE08A4-1B42-473B-AEE5-15A0A4F584F5}.Debug|Win32.ActiveCfg = Debug|Win32
		{34AE08A4-1B42-473B-AEE5-15A0A4F584F5}.Debug|Win32.Build.0 = Debug|Win32
		{34AE08A4-1B42-473B-AEE5-15A0A4F584F5}.Release|Win32.ActiveCfg = Release|Win32
		{34AE08A4-1B42-473B-AEE5-15A0A4F584F5}.Release|Win32.Build.0 = Release|Win32
	EndGlobalSection
	GlobalSection(SolutionProperties) = preSolution
		HideSolutionNode = FALSE
	EndGlobalSection
	GlobalSection(ExtensibilityGlobals) = postSolution
		SolutionGuid = {0EF3A8F0-4A3D-4130-BA34-479893A1F374}
	EndGlobalSection
EndGlobal
